
Microsoft Visual Studio Solution File, Format Version 12.00
# Visual Studio 15
VisualStudioVersion = 15.0.28307.421
MinimumVisualStudioVersion = 10.0.40219.1
Project("{FAE04EC0-301F-11D3-BF4B-00C04F79EFBC}") = "Binary", "Binary\Binary.csproj", "{F696F042-68A1-4D0D-9BE1-D355E58A262D}"
EndProject
Global
	GlobalSection(SolutionConfigurationPlatforms) = preSolution
		Debug|Any CPU = Debug|Any CPU
		Release|Any CPU = Release|Any CPU
	EndGlobalSection
	GlobalSection(ProjectConfigurationPlatforms) = postSolution
		{F696F042-68A1-4D0D-9BE1-D355E58A262D}.Debug|Any CPU.ActiveCfg = Debug|Any CPU
		{F696F042-68A1-4D0D-9BE1-D355E58A262D}.Debug|Any CPU.Build.0 = Debug|Any CPU
		{F696F042-68A1-4D0D-9BE1-D355E58A262D}.Release|Any CPU.ActiveCfg = Release|Any CPU
		{F696F042-68A1-4D0D-9BE1-D355E58A262D}.Release|Any CPU.Build.0 = Release|Any CPU
	EndGlobalSection
	GlobalSection(SolutionProperties) = preSolution
		HideSolutionNode = FALSE
	EndGlobalSection
	GlobalSection(ExtensibilityGlobals) = postSolution
		SolutionGuid = {B97B49D8-E232-4F65-9ABD-F96B156E9AA6}
	EndGlobalSection
EndGlobal
